
Microsoft Visual Studio Solution File, Format Version 12.00
# Visual Studio 15
Project("{FAE04EC0-301F-11D3-BF4B-00C04F79EFBC}") = "Assembly-CSharp", "Assembly-CSharp.csproj", "{11303275-B36C-64BF-8FB2-F4FD74AD9E13}"
EndProject
Project("{FAE04EC0-301F-11D3-BF4B-00C04F79EFBC}") = "Assembly-CSharp-Editor", "Assembly-CSharp-Editor.csproj", "{165713EF-2742-7466-96BF-DF097410DF5A}"
EndProject
Global
	GlobalSection(SolutionConfigurationPlatforms) = preSolution
		Debug|Any CPU = Debug|Any CPU
		Release|Any CPU = Release|Any CPU
	EndGlobalSection
	GlobalSection(ProjectConfigurationPlatforms) = postSolution
		{11303275-B36C-64BF-8FB2-F4FD74AD9E13}.Debug|Any CPU.ActiveCfg = Debug|Any CPU
		{11303275-B36C-64BF-8FB2-F4FD74AD9E13}.Debug|Any CPU.Build.0 = Debug|Any CPU
		{11303275-B36C-64BF-8FB2-F4FD74AD9E13}.Release|Any CPU.ActiveCfg = Release|Any CPU
		{11303275-B36C-64BF-8FB2-F4FD74AD9E13}.Release|Any CPU.Build.0 = Release|Any CPU
		{165713EF-2742-7466-96BF-DF097410DF5A}.Debug|Any CPU.ActiveCfg = Debug|Any CPU
		{165713EF-2742-7466-96BF-DF097410DF5A}.Debug|Any CPU.Build.0 = Debug|Any CPU
		{165713EF-2742-7466-96BF-DF097410DF5A}.Release|Any CPU.ActiveCfg = Release|Any CPU
		{165713EF-2742-7466-96BF-DF097410DF5A}.Release|Any CPU.Build.0 = Release|Any CPU
	EndGlobalSection
	GlobalSection(SolutionProperties) = preSolution
		HideSolutionNode = FALSE
	EndGlobalSection
EndGlobal
